<?xml version="1.0" encoding="utf-8"?>
<Project ToolsVersion="4.0" xmlns="http://schemas.microsoft.com/developer/msbuild/2003">
  <ItemGroup>
    <Filter Include="Source Files">
      <UniqueIdentifier>{4FC737F1-C7A5-4376-A066-2A32D752A2FF}</UniqueIdentifier>
      <Extensions>cpp;c;cc;cxx;def;odl;idl;hpj;bat;asm;asmx</Extensions>
    </Filter>
    <Filter Include="Source Files\generators">
      <UniqueIdentifier>{f9feaa85-d842-4d8a-a1f2-8c4fda56dbf4}</UniqueIdentifier>
    </Filter>
    <Filter Include="Source Files\filters">
      <UniqueIdentifier>{9faedb0c-f541-4172-b2fa-31d13de48b59}</UniqueIdentifier>
    </Filter>
  </ItemGroup>
  <ItemGroup>
    <ClCompile Include="src/Convert.cpp">
      <Filter>Source Files</Filter>
    </ClCompile>
    <ClCompile Include="src/SineGenerator.cpp">
      <Filter>Source Files\generators</Filter>
    </ClCompile>
    <ClCompile Include="src/SineSweepGenerator.cpp">
      <Filter>Source Files\generators</Filter>
    </ClCompile>
    <ClCompile Include="src/FilterBiquad.cpp">
      <Filter>Source Files\filters</Filter>
    </ClCompile>
    <ClCompile Include="src/FilterCancellation.cpp">
      <Filter>Source Files\filters</Filter>
    </ClCompile>
    <ClCompile Include="src/FilterDelay.cpp">
      <Filter>Source Files\filters</Filter>
    </ClCompile>
    <ClCompile Include="src/FilterFir.cpp">
      <Filter>Source Files\filters</Filter>
    </ClCompile>
    <ClCompile Include="src/FilterGain.cpp">
      <Filter>Source Files\filters</Filter>
    </ClCompile>
    <ClCompile Include="src/Biquad.cpp">
      <Filter>Source Files\filters</Filter>
    </ClCompile>
    <ClCompile Include="src/CrossoverType.cpp">
      <Filter>Source Files\filters</Filter>
    </ClCompile>
    <ClCompile Include="src\FilterCompressor.cpp">
      <Filter>Source Files\filters</Filter>
    </ClCompile>
  </ItemGroup>
  <ItemGroup>
    <ClInclude Include="src/DSP.h">
      <Filter>Source Files</Filter>
    </ClInclude>
    <ClInclude Include="src/Convert.h">
      <Filter>Source Files</Filter>
    </ClInclude>
    <ClInclude Include="src/WaveHeader.h">
      <Filter>Source Files</Filter>
    </ClInclude>
    <ClInclude Include="src/Constants.h">
      <Filter>Source Files</Filter>
    </ClInclude>
    <ClInclude Include="src/SineSweepGenerator.h">
      <Filter>Source Files\generators</Filter>
    </ClInclude>
    <ClInclude Include="src/SineGenerator.h">
      <Filter>Source Files\generators</Filter>
    </ClInclude>
    <ClInclude Include="src/Filter.h">
      <Filter>Source Files\filters</Filter>
    </ClInclude>
    <ClInclude Include="src/FilterBiquad.h">
      <Filter>Source Files\filters</Filter>
    </ClInclude>
    <ClInclude Include="src/FilterCancellation.h">
      <Filter>Source Files\filters</Filter>
    </ClInclude>
    <ClInclude Include="src/FilterDelay.h">
      <Filter>Source Files\filters</Filter>
    </ClInclude>
    <ClInclude Include="src/FilterFir.h">
      <Filter>Source Files\filters</Filter>
    </ClInclude>
    <ClInclude Include="src/FilterGain.h">
      <Filter>Source Files\filters</Filter>
    </ClInclude>
    <ClInclude Include="src/Biquad.h">
      <Filter>Source Files\filters</Filter>
    </ClInclude>
    <ClInclude Include="src/CrossoverType.h">
      <Filter>Source Files\filters</Filter>
    </ClInclude>
    <ClInclude Include="src\FilterCompressor.h">
      <Filter>Source Files\filters</Filter>
    </ClInclude>
  </ItemGroup>
</Project>