<?xml version="1.0" encoding="utf-8"?>
<Project ToolsVersion="4.0" xmlns="http://schemas.microsoft.com/developer/msbuild/2003">
  <ItemGroup>
    <Filter Include="Source Files">
      <UniqueIdentifier>{4FC737F1-C7A5-4376-A066-2A32D752A2FF}</UniqueIdentifier>
      <Extensions>cpp;c;cc;cxx;def;odl;idl;hpj;bat;asm;asmx</Extensions>
    </Filter>
  </ItemGroup>
  <ItemGroup>
    <ClCompile Include="Biquad.cpp">
      <Filter>Source Files</Filter>
    </ClCompile>
    <ClCompile Include="BiquadFilter.cpp">
      <Filter>Source Files</Filter>
    </ClCompile>
    <ClCompile Include="CrossoverTypes.cpp">
      <Filter>Source Files</Filter>
    </ClCompile>
  </ItemGroup>
  <ItemGroup>
    <ClInclude Include="Biquad.h">
      <Filter>Source Files</Filter>
    </ClInclude>
    <ClInclude Include="BiquadFilter.h">
      <Filter>Source Files</Filter>
    </ClInclude>
    <ClInclude Include="DelayFilter.h">
      <Filter>Source Files</Filter>
    </ClInclude>
    <ClInclude Include="DSP.h">
      <Filter>Source Files</Filter>
    </ClInclude>
    <ClInclude Include="Filter.h">
      <Filter>Source Files</Filter>
    </ClInclude>
    <ClInclude Include="GainFilter.h">
      <Filter>Source Files</Filter>
    </ClInclude>
    <ClInclude Include="ToneGenerator.h">
      <Filter>Source Files</Filter>
    </ClInclude>
    <ClInclude Include="CrossoverTypes.h">
      <Filter>Source Files</Filter>
    </ClInclude>
    <ClInclude Include="FirFilter.h">
      <Filter>Source Files</Filter>
    </ClInclude>
    <ClInclude Include="Convert.h">
      <Filter>Source Files</Filter>
    </ClInclude>
    <ClInclude Include="WaveHeader.h">
      <Filter>Source Files</Filter>
    </ClInclude>
    <ClInclude Include="SineSweepGenerator.h">
      <Filter>Source Files</Filter>
    </ClInclude>
    <ClInclude Include="SineGenerator.h">
      <Filter>Source Files</Filter>
    </ClInclude>
    <ClInclude Include="CancellationFilter.h">
      <Filter>Source Files</Filter>
    </ClInclude>
    <ClInclude Include="Constants.h">
      <Filter>Source Files</Filter>
    </ClInclude>
  </ItemGroup>
</Project>